
Microsoft Visual Studio Solution File, Format Version 12.00
# Visual Studio Version 17
VisualStudioVersion = 17.0.31912.275
MinimumVisualStudioVersion = 10.0.40219.1
Project("{FAE04EC0-301F-11D3-BF4B-00C04F79EFBC}") = "Yukarisan", "Yukarisan\Yukarisan.csproj", "{7044BB3F-16A5-448B-A19F-998321A0D143}"
EndProject
Global
	GlobalSection(SolutionConfigurationPlatforms) = preSolution
		Debug|Any CPU = Debug|Any CPU
		Release|Any CPU = Release|Any CPU
	EndGlobalSection
	GlobalSection(ProjectConfigurationPlatforms) = postSolution
		{7044BB3F-16A5-448B-A19F-998321A0D143}.Debug|Any CPU.ActiveCfg = Debug|Any CPU
		{7044BB3F-16A5-448B-A19F-998321A0D143}.Debug|Any CPU.Build.0 = Debug|Any CPU
		{7044BB3F-16A5-448B-A19F-998321A0D143}.Release|Any CPU.ActiveCfg = Release|Any CPU
		{7044BB3F-16A5-448B-A19F-998321A0D143}.Release|Any CPU.Build.0 = Release|Any CPU
	EndGlobalSection
	GlobalSection(SolutionProperties) = preSolution
		HideSolutionNode = FALSE
	EndGlobalSection
	GlobalSection(ExtensibilityGlobals) = postSolution
		SolutionGuid = {35EDE766-8981-4466-A7E8-7CD87ED929F2}
	EndGlobalSection
EndGlobal
